
Microsoft Visual Studio Solution File, Format Version 12.00
# Visual Studio Version 16
VisualStudioVersion = 16.0.29306.81
MinimumVisualStudioVersion = 10.0.40219.1
Project("{FAE04EC0-301F-11D3-BF4B-00C04F79EFBC}") = "1-MadLibProject", "1-MadLibProject\1-MadLibProject.csproj", "{08360FB9-FCDA-41D5-AACF-487048EA0071}"
EndProject
Global
	GlobalSection(SolutionConfigurationPlatforms) = preSolution
		Debug|Any CPU = Debug|Any CPU
		Release|Any CPU = Release|Any CPU
	EndGlobalSection
	GlobalSection(ProjectConfigurationPlatforms) = postSolution
		{08360FB9-FCDA-41D5-AACF-487048EA0071}.Debug|Any CPU.ActiveCfg = Debug|Any CPU
		{08360FB9-FCDA-41D5-AACF-487048EA0071}.Debug|Any CPU.Build.0 = Debug|Any CPU
		{08360FB9-FCDA-41D5-AACF-487048EA0071}.Release|Any CPU.ActiveCfg = Release|Any CPU
		{08360FB9-FCDA-41D5-AACF-487048EA0071}.Release|Any CPU.Build.0 = Release|Any CPU
	EndGlobalSection
	GlobalSection(SolutionProperties) = preSolution
		HideSolutionNode = FALSE
	EndGlobalSection
	GlobalSection(ExtensibilityGlobals) = postSolution
		SolutionGuid = {159B973C-74DF-4E40-94A6-49AEB79BED89}
	EndGlobalSection
EndGlobal
